
Microsoft Visual Studio Solution File, Format Version 12.00
# Visual Studio Version 16
VisualStudioVersion = 16.0.29326.143
MinimumVisualStudioVersion = 10.0.40219.1
Project("{9A19103F-16F7-4668-BE54-9A1E7A4F7556}") = "Anagramas", "Anagramas\Anagramas.csproj", "{0DB7EE8B-E1AC-4B45-9FD0-DC3FB8AE22E5}"
EndProject
Project("{9A19103F-16F7-4668-BE54-9A1E7A4F7556}") = "EncontreOTelefone", "EncontreOTelefone\EncontreOTelefone.csproj", "{746D1164-EFF3-40D6-A671-89B8769AC9FA}"
EndProject
Project("{FAE04EC0-301F-11D3-BF4B-00C04F79EFBC}") = "CifraDeCesar", "CifraDeCesar\CifraDeCesar.csproj", "{586E7C84-D7C1-4019-A6FC-3AFD8F8C4D61}"
EndProject
Global
	GlobalSection(SolutionConfigurationPlatforms) = preSolution
		Debug|Any CPU = Debug|Any CPU
		Release|Any CPU = Release|Any CPU
	EndGlobalSection
	GlobalSection(ProjectConfigurationPlatforms) = postSolution
		{0DB7EE8B-E1AC-4B45-9FD0-DC3FB8AE22E5}.Debug|Any CPU.ActiveCfg = Debug|Any CPU
		{0DB7EE8B-E1AC-4B45-9FD0-DC3FB8AE22E5}.Debug|Any CPU.Build.0 = Debug|Any CPU
		{0DB7EE8B-E1AC-4B45-9FD0-DC3FB8AE22E5}.Release|Any CPU.ActiveCfg = Release|Any CPU
		{0DB7EE8B-E1AC-4B45-9FD0-DC3FB8AE22E5}.Release|Any CPU.Build.0 = Release|Any CPU
		{746D1164-EFF3-40D6-A671-89B8769AC9FA}.Debug|Any CPU.ActiveCfg = Debug|Any CPU
		{746D1164-EFF3-40D6-A671-89B8769AC9FA}.Debug|Any CPU.Build.0 = Debug|Any CPU
		{746D1164-EFF3-40D6-A671-89B8769AC9FA}.Release|Any CPU.ActiveCfg = Release|Any CPU
		{746D1164-EFF3-40D6-A671-89B8769AC9FA}.Release|Any CPU.Build.0 = Release|Any CPU
		{586E7C84-D7C1-4019-A6FC-3AFD8F8C4D61}.Debug|Any CPU.ActiveCfg = Debug|Any CPU
		{586E7C84-D7C1-4019-A6FC-3AFD8F8C4D61}.Debug|Any CPU.Build.0 = Debug|Any CPU
		{586E7C84-D7C1-4019-A6FC-3AFD8F8C4D61}.Release|Any CPU.ActiveCfg = Release|Any CPU
		{586E7C84-D7C1-4019-A6FC-3AFD8F8C4D61}.Release|Any CPU.Build.0 = Release|Any CPU
	EndGlobalSection
	GlobalSection(SolutionProperties) = preSolution
		HideSolutionNode = FALSE
	EndGlobalSection
	GlobalSection(ExtensibilityGlobals) = postSolution
		SolutionGuid = {76E77BF1-E13C-4FB9-843D-3913EDDA8EB7}
	EndGlobalSection
EndGlobal
