
Microsoft Visual Studio Solution File, Format Version 12.00
# Visual Studio Version 16
VisualStudioVersion = 16.0.29326.143
MinimumVisualStudioVersion = 10.0.40219.1
Project("{9A19103F-16F7-4668-BE54-9A1E7A4F7556}") = "Anagramas", "Anagramas\Anagramas.csproj", "{0DB7EE8B-E1AC-4B45-9FD0-DC3FB8AE22E5}"
EndProject
Project("{9A19103F-16F7-4668-BE54-9A1E7A4F7556}") = "EncontreOTelefone", "EncontreOTelefone\EncontreOTelefone.csproj", "{746D1164-EFF3-40D6-A671-89B8769AC9FA}"
EndProject
Project("{9A19103F-16F7-4668-BE54-9A1E7A4F7556}") = "CifraDeCesar", "CifraDeCesar\CifraDeCesar.csproj", "{586E7C84-D7C1-4019-A6FC-3AFD8F8C4D61}"
EndProject
Project("{9A19103F-16F7-4668-BE54-9A1E7A4F7556}") = "NumerosRomanos", "NumerosRomanos\NumerosRomanos.csproj", "{3EA20997-08B8-4ED5-B259-A90F9F7B9CE3}"
EndProject
Project("{2150E333-8FDC-42A3-9474-1A3956D46DE8}") = "Solution Items", "Solution Items", "{D4F67792-FC47-4FA4-B27D-F2AEA259BD90}"
	ProjectSection(SolutionItems) = preProject
		.editorconfig = .editorconfig
	EndProjectSection
EndProject
Project("{9A19103F-16F7-4668-BE54-9A1E7A4F7556}") = "FormatadorDeTexto", "FormatadorDeTexto\FormatadorDeTexto.csproj", "{BA371C80-22AC-49E9-9F6B-B97E4778B7DF}"
EndProject
Project("{FAE04EC0-301F-11D3-BF4B-00C04F79EFBC}") = "MundoPequeno", "MundoPequeno\MundoPequeno.csproj", "{5C3B51E1-256D-493D-B3DF-558C02B96613}"
EndProject
Global
	GlobalSection(SolutionConfigurationPlatforms) = preSolution
		Debug|Any CPU = Debug|Any CPU
		Release|Any CPU = Release|Any CPU
	EndGlobalSection
	GlobalSection(ProjectConfigurationPlatforms) = postSolution
		{0DB7EE8B-E1AC-4B45-9FD0-DC3FB8AE22E5}.Debug|Any CPU.ActiveCfg = Debug|Any CPU
		{0DB7EE8B-E1AC-4B45-9FD0-DC3FB8AE22E5}.Debug|Any CPU.Build.0 = Debug|Any CPU
		{0DB7EE8B-E1AC-4B45-9FD0-DC3FB8AE22E5}.Release|Any CPU.ActiveCfg = Release|Any CPU
		{0DB7EE8B-E1AC-4B45-9FD0-DC3FB8AE22E5}.Release|Any CPU.Build.0 = Release|Any CPU
		{746D1164-EFF3-40D6-A671-89B8769AC9FA}.Debug|Any CPU.ActiveCfg = Debug|Any CPU
		{746D1164-EFF3-40D6-A671-89B8769AC9FA}.Debug|Any CPU.Build.0 = Debug|Any CPU
		{746D1164-EFF3-40D6-A671-89B8769AC9FA}.Release|Any CPU.ActiveCfg = Release|Any CPU
		{746D1164-EFF3-40D6-A671-89B8769AC9FA}.Release|Any CPU.Build.0 = Release|Any CPU
		{586E7C84-D7C1-4019-A6FC-3AFD8F8C4D61}.Debug|Any CPU.ActiveCfg = Debug|Any CPU
		{586E7C84-D7C1-4019-A6FC-3AFD8F8C4D61}.Debug|Any CPU.Build.0 = Debug|Any CPU
		{586E7C84-D7C1-4019-A6FC-3AFD8F8C4D61}.Release|Any CPU.ActiveCfg = Release|Any CPU
		{586E7C84-D7C1-4019-A6FC-3AFD8F8C4D61}.Release|Any CPU.Build.0 = Release|Any CPU
		{3EA20997-08B8-4ED5-B259-A90F9F7B9CE3}.Debug|Any CPU.ActiveCfg = Debug|Any CPU
		{3EA20997-08B8-4ED5-B259-A90F9F7B9CE3}.Debug|Any CPU.Build.0 = Debug|Any CPU
		{3EA20997-08B8-4ED5-B259-A90F9F7B9CE3}.Release|Any CPU.ActiveCfg = Release|Any CPU
		{3EA20997-08B8-4ED5-B259-A90F9F7B9CE3}.Release|Any CPU.Build.0 = Release|Any CPU
		{BA371C80-22AC-49E9-9F6B-B97E4778B7DF}.Debug|Any CPU.ActiveCfg = Debug|Any CPU
		{BA371C80-22AC-49E9-9F6B-B97E4778B7DF}.Debug|Any CPU.Build.0 = Debug|Any CPU
		{BA371C80-22AC-49E9-9F6B-B97E4778B7DF}.Release|Any CPU.ActiveCfg = Release|Any CPU
		{BA371C80-22AC-49E9-9F6B-B97E4778B7DF}.Release|Any CPU.Build.0 = Release|Any CPU
		{5C3B51E1-256D-493D-B3DF-558C02B96613}.Debug|Any CPU.ActiveCfg = Debug|Any CPU
		{5C3B51E1-256D-493D-B3DF-558C02B96613}.Debug|Any CPU.Build.0 = Debug|Any CPU
		{5C3B51E1-256D-493D-B3DF-558C02B96613}.Release|Any CPU.ActiveCfg = Release|Any CPU
		{5C3B51E1-256D-493D-B3DF-558C02B96613}.Release|Any CPU.Build.0 = Release|Any CPU
	EndGlobalSection
	GlobalSection(SolutionProperties) = preSolution
		HideSolutionNode = FALSE
	EndGlobalSection
	GlobalSection(ExtensibilityGlobals) = postSolution
		SolutionGuid = {76E77BF1-E13C-4FB9-843D-3913EDDA8EB7}
	EndGlobalSection
EndGlobal
